# This file is autogenerated, do not edit; changes may be undone by the next 'dep ensure'.


[[projects]]
  name = "github.com/gorilla/context"
  packages = ["."]
  revision = "1ea25387ff6f684839d82767c1733ff4d4d15d0a"
  version = "v1.1"

[[projects]]
  branch = "master"
  name = "github.com/gorilla/mux"
  packages = ["."]
  revision = "b57cb1605fd11ba2ecfa7f68992b4b9cc791934d"

[[projects]]
  branch = "master"
  name = "github.com/rs/cors"
  packages = ["."]
  revision = "12972ae4e7775151d0d53aaad277be85133ce445"

[solve-meta]
  analyzer-name = "dep"
  analyzer-version = 1
  inputs-digest = "8b57138f7ad06f17c2fff525759fa984736abc5a89ea8679e1a8e0a066627137"
  solver-name = "gps-cdcl"
  solver-version = 1
